<Solution>
  <Folder Name="/src/">
    <Project Path="src/SerpentsEyes.App/SerpentsEyes.App.csproj" />
    <Project Path="src/SerpentsEyes.Core/SerpentsEyes.Core.csproj" />
  </Folder>
  <Folder Name="/tests/">
    <Project Path="tests/SerpentsEyes.Core.Tests/SerpentsEyes.Core.Tests.csproj" />
  </Folder>
  <Folder Name="/tools/">
    <Project Path="tools/SerpentsEyes.Extractor/SerpentsEyes.Extractor.csproj" />
  </Folder>
</Solution>
